# This file is generated by running "yarn install" inside your project.
# Manual changes might be lost - proceed with caution!

__metadata:
  version: 6
  cacheKey: 8

"@hapi/bourne@npm:^2.1.0":
  version: 2.1.0
  resolution: "@hapi/bourne@npm:2.1.0"
  checksum: 0ce5a38bc46b1b649fc04c00763def978c99b2eba5013e512f492f4d0d806a6fc1d09f36524c2f8b45cc778d481a06c1f808392e08bc6ebd14abab4bfde07ca5
  languageName: node
  linkType: hard

"@peacockproject/body-parser@workspace:.":
  version: 0.0.0-use.local
  resolution: "@peacockproject/body-parser@workspace:."
  dependencies:
    "@hapi/bourne": ^2.1.0
    "@types/express": ^4.17.13
    "@types/node": ^17.0.8
    bytes: ^3.1.1
    content-type: ^1.0.4
    http-errors: ^2.0.0
    iconv-lite: ^0.6.3
    on-finished: ^2.4.1
    typescript: ^4.6.3
    unpipe: ^1.0.0
  languageName: unknown
  linkType: soft

"@types/body-parser@npm:*":
  version: 1.19.2
  resolution: "@types/body-parser@npm:1.19.2"
  dependencies:
    "@types/connect": "*"
    "@types/node": "*"
  checksum: e17840c7d747a549f00aebe72c89313d09fbc4b632b949b2470c5cb3b1cb73863901ae84d9335b567a79ec5efcfb8a28ff8e3f36bc8748a9686756b6d5681f40
  languageName: node
  linkType: hard

"@types/connect@npm:*":
  version: 3.4.35
  resolution: "@types/connect@npm:3.4.35"
  dependencies:
    "@types/node": "*"
  checksum: fe81351470f2d3165e8b12ce33542eef89ea893e36dd62e8f7d72566dfb7e448376ae962f9f3ea888547ce8b55a40020ca0e01d637fab5d99567673084542641
  languageName: node
  linkType: hard

"@types/express-serve-static-core@npm:^4.17.18":
  version: 4.17.28
  resolution: "@types/express-serve-static-core@npm:4.17.28"
  dependencies:
    "@types/node": "*"
    "@types/qs": "*"
    "@types/range-parser": "*"
  checksum: 826489811a5b371c10f02443b4ca894ffc05813bfdf2b60c224f5c18ac9a30a2e518cb9ef9fdfcaa2a1bb17f8bfa4ed1859ccdb252e879c9276271b4ee2df5a9
  languageName: node
  linkType: hard

"@types/express@npm:^4.17.13":
  version: 4.17.13
  resolution: "@types/express@npm:4.17.13"
  dependencies:
    "@types/body-parser": "*"
    "@types/express-serve-static-core": ^4.17.18
    "@types/qs": "*"
    "@types/serve-static": "*"
  checksum: 12a2a0e6c4b993fc0854bec665906788aea0d8ee4392389d7a98a5de1eefdd33c9e1e40a91f3afd274011119c506f7b4126acb97fae62ae20b654974d44cba12
  languageName: node
  linkType: hard

"@types/mime@npm:^1":
  version: 1.3.2
  resolution: "@types/mime@npm:1.3.2"
  checksum: 0493368244cced1a69cb791b485a260a422e6fcc857782e1178d1e6f219f1b161793e9f87f5fae1b219af0f50bee24fcbe733a18b4be8fdd07a38a8fb91146fd
  languageName: node
  linkType: hard

"@types/node@npm:*, @types/node@npm:^17.0.8":
  version: 17.0.23
  resolution: "@types/node@npm:17.0.23"
  checksum: a3517554737cbb042e76c30d0e5482192ac4d9bea0eeb086e2622d9cabf460a0eb52a696b99fcd18e7fcc93c96db6cc7ae507f6608f256ef0b5c1d8c87a5a470
  languageName: node
  linkType: hard

"@types/qs@npm:*":
  version: 6.9.7
  resolution: "@types/qs@npm:6.9.7"
  checksum: 7fd6f9c25053e9b5bb6bc9f9f76c1d89e6c04f7707a7ba0e44cc01f17ef5284adb82f230f542c2d5557d69407c9a40f0f3515e8319afd14e1e16b5543ac6cdba
  languageName: node
  linkType: hard

"@types/range-parser@npm:*":
  version: 1.2.4
  resolution: "@types/range-parser@npm:1.2.4"
  checksum: b7c0dfd5080a989d6c8bb0b6750fc0933d9acabeb476da6fe71d8bdf1ab65e37c136169d84148034802f48378ab94e3c37bb4ef7656b2bec2cb9c0f8d4146a95
  languageName: node
  linkType: hard

"@types/serve-static@npm:*":
  version: 1.13.10
  resolution: "@types/serve-static@npm:1.13.10"
  dependencies:
    "@types/mime": ^1
    "@types/node": "*"
  checksum: eaca858739483e3ded254cad7d7a679dc2c8b3f52c8bb0cd845b3b7eb1984bde0371fdcb0a5c83aa12e6daf61b6beb762545021f520f08a1fe882a3fa4ea5554
  languageName: node
  linkType: hard

"bytes@npm:^3.1.1":
  version: 3.1.2
  resolution: "bytes@npm:3.1.2"
  checksum: e4bcd3948d289c5127591fbedf10c0b639ccbf00243504e4e127374a15c3bc8eed0d28d4aaab08ff6f1cf2abc0cce6ba3085ed32f4f90e82a5683ce0014e1b6e
  languageName: node
  linkType: hard

"content-type@npm:^1.0.4":
  version: 1.0.4
  resolution: "content-type@npm:1.0.4"
  checksum: 3d93585fda985d1554eca5ebd251994327608d2e200978fdbfba21c0c679914d5faf266d17027de44b34a72c7b0745b18584ecccaa7e1fdfb6a68ac7114f12e0
  languageName: node
  linkType: hard

"depd@npm:2.0.0":
  version: 2.0.0
  resolution: "depd@npm:2.0.0"
  checksum: abbe19c768c97ee2eed6282d8ce3031126662252c58d711f646921c9623f9052e3e1906443066beec1095832f534e57c523b7333f8e7e0d93051ab6baef5ab3a
  languageName: node
  linkType: hard

"ee-first@npm:1.1.1":
  version: 1.1.1
  resolution: "ee-first@npm:1.1.1"
  checksum: 1b4cac778d64ce3b582a7e26b218afe07e207a0f9bfe13cc7395a6d307849cfe361e65033c3251e00c27dd060cab43014c2d6b2647676135e18b77d2d05b3f4f
  languageName: node
  linkType: hard

"http-errors@npm:^2.0.0":
  version: 2.0.0
  resolution: "http-errors@npm:2.0.0"
  dependencies:
    depd: 2.0.0
    inherits: 2.0.4
    setprototypeof: 1.2.0
    statuses: 2.0.1
    toidentifier: 1.0.1
  checksum: 9b0a3782665c52ce9dc658a0d1560bcb0214ba5699e4ea15aefb2a496e2ca83db03ebc42e1cce4ac1f413e4e0d2d736a3fd755772c556a9a06853ba2a0b7d920
  languageName: node
  linkType: hard

"iconv-lite@npm:^0.6.3":
  version: 0.6.3
  resolution: "iconv-lite@npm:0.6.3"
  dependencies:
    safer-buffer: ">= 2.1.2 < 3.0.0"
  checksum: 3f60d47a5c8fc3313317edfd29a00a692cc87a19cac0159e2ce711d0ebc9019064108323b5e493625e25594f11c6236647d8e256fbe7a58f4a3b33b89e6d30bf
  languageName: node
  linkType: hard

"inherits@npm:2.0.4":
  version: 2.0.4
  resolution: "inherits@npm:2.0.4"
  checksum: 4a48a733847879d6cf6691860a6b1e3f0f4754176e4d71494c41f3475553768b10f84b5ce1d40fbd0e34e6bfbb864ee35858ad4dd2cf31e02fc4a154b724d7f1
  languageName: node
  linkType: hard

"on-finished@npm:^2.4.1":
  version: 2.4.1
  resolution: "on-finished@npm:2.4.1"
  dependencies:
    ee-first: 1.1.1
  checksum: d20929a25e7f0bb62f937a425b5edeb4e4cde0540d77ba146ec9357f00b0d497cdb3b9b05b9c8e46222407d1548d08166bff69cc56dfa55ba0e4469228920ff0
  languageName: node
  linkType: hard

"safer-buffer@npm:>= 2.1.2 < 3.0.0":
  version: 2.1.2
  resolution: "safer-buffer@npm:2.1.2"
  checksum: cab8f25ae6f1434abee8d80023d7e72b598cf1327164ddab31003c51215526801e40b66c5e65d658a0af1e9d6478cadcb4c745f4bd6751f97d8644786c0978b0
  languageName: node
  linkType: hard

"setprototypeof@npm:1.2.0":
  version: 1.2.0
  resolution: "setprototypeof@npm:1.2.0"
  checksum: be18cbbf70e7d8097c97f713a2e76edf84e87299b40d085c6bf8b65314e994cc15e2e317727342fa6996e38e1f52c59720b53fe621e2eb593a6847bf0356db89
  languageName: node
  linkType: hard

"statuses@npm:2.0.1":
  version: 2.0.1
  resolution: "statuses@npm:2.0.1"
  checksum: 18c7623fdb8f646fb213ca4051be4df7efb3484d4ab662937ca6fbef7ced9b9e12842709872eb3020cc3504b93bde88935c9f6417489627a7786f24f8031cbcb
  languageName: node
  linkType: hard

"toidentifier@npm:1.0.1":
  version: 1.0.1
  resolution: "toidentifier@npm:1.0.1"
  checksum: 952c29e2a85d7123239b5cfdd889a0dde47ab0497f0913d70588f19c53f7e0b5327c95f4651e413c74b785147f9637b17410ac8c846d5d4a20a5a33eb6dc3a45
  languageName: node
  linkType: hard

"typescript@npm:^4.6.3":
  version: 4.6.3
  resolution: "typescript@npm:4.6.3"
  bin:
    tsc: bin/tsc
    tsserver: bin/tsserver
  checksum: 255bb26c8cb846ca689dd1c3a56587af4f69055907aa2c154796ea28ee0dea871535b1c78f85a6212c77f2657843a269c3a742d09d81495b97b914bf7920415b
  languageName: node
  linkType: hard

"typescript@patch:typescript@^4.6.3#~builtin<compat/typescript>":
  version: 4.6.3
  resolution: "typescript@patch:typescript@npm%3A4.6.3#~builtin<compat/typescript>::version=4.6.3&hash=bda367"
  bin:
    tsc: bin/tsc
    tsserver: bin/tsserver
  checksum: 6bf45caf847062420592e711bc9c28bf5f9a9a7fa8245343b81493e4ededae33f1774009d1234d911422d1646a2c839f44e1a23ecb111b40a60ac2ea4c1482a8
  languageName: node
  linkType: hard

"unpipe@npm:^1.0.0":
  version: 1.0.0
  resolution: "unpipe@npm:1.0.0"
  checksum: 4fa18d8d8d977c55cb09715385c203197105e10a6d220087ec819f50cb68870f02942244f1017565484237f1f8c5d3cd413631b1ae104d3096f24fdfde1b4aa2
  languageName: node
  linkType: hard
